
Microsoft Visual Studio Solution File, Format Version 12.00
# Visual Studio Version 17
VisualStudioVersion = 17.1.32421.90
MinimumVisualStudioVersion = 10.0.40219.1
Project("{FAE04EC0-301F-11D3-BF4B-00C04F79EFBC}") = "RSA", "RSA.csproj", "{EF3C60EB-E4D1-4581-8873-65700A650AE1}"
EndProject
Global
	GlobalSection(SolutionConfigurationPlatforms) = preSolution
		Debug|Any CPU = Debug|Any CPU
		Release|Any CPU = Release|Any CPU
	EndGlobalSection
	GlobalSection(ProjectConfigurationPlatforms) = postSolution
		{EF3C60EB-E4D1-4581-8873-65700A650AE1}.Debug|Any CPU.ActiveCfg = Debug|Any CPU
		{EF3C60EB-E4D1-4581-8873-65700A650AE1}.Debug|Any CPU.Build.0 = Debug|Any CPU
		{EF3C60EB-E4D1-4581-8873-65700A650AE1}.Release|Any CPU.ActiveCfg = Release|Any CPU
		{EF3C60EB-E4D1-4581-8873-65700A650AE1}.Release|Any CPU.Build.0 = Release|Any CPU
	EndGlobalSection
	GlobalSection(SolutionProperties) = preSolution
		HideSolutionNode = FALSE
	EndGlobalSection
	GlobalSection(ExtensibilityGlobals) = postSolution
		SolutionGuid = {E864CDEC-2547-4D74-82AB-354CCAB62153}
	EndGlobalSection
EndGlobal
